
Microsoft Visual Studio Solution File, Format Version 12.00
# Visual Studio Version 16
VisualStudioVersion = 16.0.30517.126
MinimumVisualStudioVersion = 10.0.40219.1
Project("{9A19103F-16F7-4668-BE54-9A1E7A4F7556}") = "NameGenerator", "NameGenerator\NameGenerator.csproj", "{39D70285-EED2-4B8F-848B-F8FF53365C54}"
EndProject
Project("{9A19103F-16F7-4668-BE54-9A1E7A4F7556}") = "NameGeneratorTests", "NameGeneratorTests\NameGeneratorTests.csproj", "{0EFDBBD3-50DB-4D97-8F70-637181F760CC}"
EndProject
Project("{FAE04EC0-301F-11D3-BF4B-00C04F79EFBC}") = "NameSayer", "NameSayer\NameSayer.csproj", "{99B3EB47-94A9-4D41-8FE4-A1A556C4FBFA}"
EndProject
Global
	GlobalSection(SolutionConfigurationPlatforms) = preSolution
		Debug|Any CPU = Debug|Any CPU
		Release|Any CPU = Release|Any CPU
	EndGlobalSection
	GlobalSection(ProjectConfigurationPlatforms) = postSolution
		{39D70285-EED2-4B8F-848B-F8FF53365C54}.Debug|Any CPU.ActiveCfg = Debug|Any CPU
		{39D70285-EED2-4B8F-848B-F8FF53365C54}.Debug|Any CPU.Build.0 = Debug|Any CPU
		{39D70285-EED2-4B8F-848B-F8FF53365C54}.Release|Any CPU.ActiveCfg = Release|Any CPU
		{39D70285-EED2-4B8F-848B-F8FF53365C54}.Release|Any CPU.Build.0 = Release|Any CPU
		{0EFDBBD3-50DB-4D97-8F70-637181F760CC}.Debug|Any CPU.ActiveCfg = Debug|Any CPU
		{0EFDBBD3-50DB-4D97-8F70-637181F760CC}.Debug|Any CPU.Build.0 = Debug|Any CPU
		{0EFDBBD3-50DB-4D97-8F70-637181F760CC}.Release|Any CPU.ActiveCfg = Release|Any CPU
		{0EFDBBD3-50DB-4D97-8F70-637181F760CC}.Release|Any CPU.Build.0 = Release|Any CPU
		{99B3EB47-94A9-4D41-8FE4-A1A556C4FBFA}.Debug|Any CPU.ActiveCfg = Debug|Any CPU
		{99B3EB47-94A9-4D41-8FE4-A1A556C4FBFA}.Debug|Any CPU.Build.0 = Debug|Any CPU
		{99B3EB47-94A9-4D41-8FE4-A1A556C4FBFA}.Release|Any CPU.ActiveCfg = Release|Any CPU
		{99B3EB47-94A9-4D41-8FE4-A1A556C4FBFA}.Release|Any CPU.Build.0 = Release|Any CPU
	EndGlobalSection
	GlobalSection(SolutionProperties) = preSolution
		HideSolutionNode = FALSE
	EndGlobalSection
	GlobalSection(ExtensibilityGlobals) = postSolution
		SolutionGuid = {1F336401-F267-4B13-9E68-A79E519C1EE9}
	EndGlobalSection
EndGlobal
